Microsoft Visual Studio Solution File, Format Version 12.00
# Visual Studio Version 17
VisualStudioVersion = 17.5.2.0
MinimumVisualStudioVersion = 10.0.40219.1
Project("{2150E333-8FDC-42A3-9474-1A3956D46DE8}") = "external", "external", "{A288BEE0-695A-BEEA-455C-649571D89326}"
EndProject
Project("{2150E333-8FDC-42A3-9474-1A3956D46DE8}") = "linphone-sdk", "linphone-sdk", "{9853268F-CEE2-2825-EEE1-D3173F233EBF}"
EndProject
Project("{2150E333-8FDC-42A3-9474-1A3956D46DE8}") = "tester", "tester", "{F73517C1-D3B7-A2B4-230A-069A78838741}"
EndProject
Project("{2150E333-8FDC-42A3-9474-1A3956D46DE8}") = "Windows", "Windows", "{661AEB10-D546-BF9D-E32E-43C4BC39D040}"
EndProject
Project("{FAE04EC0-301F-11D3-BF4B-00C04F79EFBC}") = "LinphoneTester_server", "external\linphone-sdk\tester\Windows\LinphoneTester_server\LinphoneTester_server.csproj", "{D8F0509C-A43A-60CD-B2DE-476B73CF4F74}"
EndProject
Project("{2150E333-8FDC-42A3-9474-1A3956D46DE8}") = "mediastreamer2", "mediastreamer2", "{08F0B3DE-27F0-7BE1-DA62-34A233801A24}"
EndProject
Project("{2150E333-8FDC-42A3-9474-1A3956D46DE8}") = "build", "build", "{A15CE318-464C-5F75-7DCB-0A6CFC541987}"
EndProject
Project("{2150E333-8FDC-42A3-9474-1A3956D46DE8}") = "wp8", "wp8", "{D46CB673-EEBA-D2ED-78EC-425076B5D260}"
EndProject
Project("{FAE04EC0-301F-11D3-BF4B-00C04F79EFBC}") = "mediastreamer2-tester-wp8", "external\linphone-sdk\mediastreamer2\build\wp8\mediastreamer2-tester-wp8\mediastreamer2-tester-wp8.csproj", "{9327BA58-DA99-7226-4158-4B2B16C0AD44}"
EndProject
Project("{2150E333-8FDC-42A3-9474-1A3956D46DE8}") = "liblinphone", "liblinphone", "{A21513FF-0F7B-E0C4-6679-C55D6BCA81D2}"
EndProject
Project("{2150E333-8FDC-42A3-9474-1A3956D46DE8}") = "wrappers", "wrappers", "{2F858CC1-6C90-AEBC-9F2B-13A938A3C9B4}"
EndProject
Project("{2150E333-8FDC-42A3-9474-1A3956D46DE8}") = "csharp", "csharp", "{F040ED8A-23A9-E502-D0E4-2057E6E5B6A7}"
EndProject
Project("{FAE04EC0-301F-11D3-BF4B-00C04F79EFBC}") = "LinphoneWrapper.Tests", "external\linphone-sdk\liblinphone\wrappers\csharp\LinphoneWrapper.Tests\LinphoneWrapper.Tests.csproj", "{9FBB6220-5BF1-A45B-D33F-E63D9831B610}"
EndProject
Project("{2150E333-8FDC-42A3-9474-1A3956D46DE8}") = "belle-sip", "belle-sip", "{407954C8-17C5-AF0B-4CE9-E0F3738003B2}"
EndProject
Project("{2150E333-8FDC-42A3-9474-1A3956D46DE8}") = "build", "build", "{86070A5C-C159-14DD-6496-85E9E828578A}"
EndProject
Project("{2150E333-8FDC-42A3-9474-1A3956D46DE8}") = "wp8", "wp8", "{8C53DD60-93C0-0227-DEEF-873C6ACC61D4}"
EndProject
Project("{2150E333-8FDC-42A3-9474-1A3956D46DE8}") = "belle-sip-tester-wp8", "belle-sip-tester-wp8", "{ADC28598-CF64-41B4-450F-66B0F848D3AE}"
EndProject
Project("{FAE04EC0-301F-11D3-BF4B-00C04F79EFBC}") = "belle-sip-tester-wp8", "external\linphone-sdk\belle-sip\build\wp8\belle-sip-tester-wp8\belle-sip-tester-wp8\belle-sip-tester-wp8.csproj", "{47633F2E-ACD3-E19B-66B5-D82A63F100EF}"
EndProject
Project("{2150E333-8FDC-42A3-9474-1A3956D46DE8}") = "mediastreamer2-tester-wp8 (1)", "mediastreamer2-tester-wp8 (1)", "{84FB1236-9169-2049-BBD2-4485709A3C60}"
EndProject
Project("{FAE04EC0-301F-11D3-BF4B-00C04F79EFBC}") = "Agents", "external\linphone-sdk\mediastreamer2\build\wp8\mediastreamer2-tester-wp8\Agents\Agents.csproj", "{60541C8A-3E2C-908E-EB4C-11D9D54B770D}"
EndProject
Project("{2150E333-8FDC-42A3-9474-1A3956D46DE8}") = "external", "external", "{757883E9-F7E1-9B71-537B-18CE48E0AABC}"
EndProject
Project("{2150E333-8FDC-42A3-9474-1A3956D46DE8}") = "zlib", "zlib", "{8726E974-10CC-CEF7-F8DF-15581AF22EAA}"
EndProject
Project("{2150E333-8FDC-42A3-9474-1A3956D46DE8}") = "contrib", "contrib", "{BD59958C-A2AC-08D2-7304-EF2DDDA141DE}"
EndProject
Project("{2150E333-8FDC-42A3-9474-1A3956D46DE8}") = "dotzlib", "dotzlib", "{555030DA-9E1F-C6CB-A540-D8E392EB7B91}"
EndProject
Project("{FAE04EC0-301F-11D3-BF4B-00C04F79EFBC}") = "DotZLib", "external\linphone-sdk\external\zlib\contrib\dotzlib\DotZLib\DotZLib.csproj", "{7E7BB42A-4F78-25C6-4936-03ACFE704CF5}"
EndProject
Project("{2150E333-8FDC-42A3-9474-1A3956D46DE8}") = "openh264", "openh264", "{8609AD09-6680-6B61-1845-68C2C50A51ED}"
EndProject
Project("{2150E333-8FDC-42A3-9474-1A3956D46DE8}") = "test", "test", "{FCF46DBE-640E-AC1C-C5F2-583DC7A63DA7}"
EndProject
Project("{2150E333-8FDC-42A3-9474-1A3956D46DE8}") = "build", "build", "{AA5E999F-0A55-99A6-3806-A763327CE8FA}"
EndProject
Project("{2150E333-8FDC-42A3-9474-1A3956D46DE8}") = "windowsphone", "windowsphone", "{9101C487-95B8-5DFE-FC02-487EDA9AC7C8}"
EndProject
Project("{2150E333-8FDC-42A3-9474-1A3956D46DE8}") = "codec_ut", "codec_ut", "{E85FA158-356A-05A8-6353-4ABC3913CECC}"
EndProject
Project("{FAE04EC0-301F-11D3-BF4B-00C04F79EFBC}") = "CodecUTApp", "external\linphone-sdk\external\openh264\test\build\windowsphone\codec_ut\CodecUTApp\CodecUTApp.csproj", "{578E8CBD-5294-7EA6-E017-E066102E58B9}"
EndProject
Project("{2150E333-8FDC-42A3-9474-1A3956D46DE8}") = "codec", "codec", "{22D618D5-454F-3AB5-37B5-318087057E93}"
EndProject
Project("{2150E333-8FDC-42A3-9474-1A3956D46DE8}") = "build", "build", "{E7E92B05-0018-F041-4DB9-B525CDE48F36}"
EndProject
Project("{2150E333-8FDC-42A3-9474-1A3956D46DE8}") = "windowsphone", "windowsphone", "{9EEF024E-64EC-FAFF-C13C-ABC9903A34B8}"
EndProject
Project("{2150E333-8FDC-42A3-9474-1A3956D46DE8}") = "all", "all", "{1272213B-4788-313D-55FF-7C0009501EED}"
EndProject
Project("{FAE04EC0-301F-11D3-BF4B-00C04F79EFBC}") = "CodecApp", "external\linphone-sdk\external\openh264\codec\build\windowsphone\all\CodecApp\CodecApp.csproj", "{2C0F3B8E-EBA0-BD7C-1AF7-01958C8EF3A4}"
EndProject
Global
	GlobalSection(SolutionConfigurationPlatforms) = preSolution
		Debug|Any CPU = Debug|Any CPU
		Release|Any CPU = Release|Any CPU
	EndGlobalSection
	GlobalSection(ProjectConfigurationPlatforms) = postSolution
		{D8F0509C-A43A-60CD-B2DE-476B73CF4F74}.Debug|Any CPU.ActiveCfg = Debug|Any CPU
		{D8F0509C-A43A-60CD-B2DE-476B73CF4F74}.Debug|Any CPU.Build.0 = Debug|Any CPU
		{D8F0509C-A43A-60CD-B2DE-476B73CF4F74}.Release|Any CPU.ActiveCfg = Release|Any CPU
		{D8F0509C-A43A-60CD-B2DE-476B73CF4F74}.Release|Any CPU.Build.0 = Release|Any CPU
		{9327BA58-DA99-7226-4158-4B2B16C0AD44}.Debug|Any CPU.ActiveCfg = Debug|Any CPU
		{9327BA58-DA99-7226-4158-4B2B16C0AD44}.Debug|Any CPU.Build.0 = Debug|Any CPU
		{9327BA58-DA99-7226-4158-4B2B16C0AD44}.Release|Any CPU.ActiveCfg = Release|Any CPU
		{9327BA58-DA99-7226-4158-4B2B16C0AD44}.Release|Any CPU.Build.0 = Release|Any CPU
		{9FBB6220-5BF1-A45B-D33F-E63D9831B610}.Debug|Any CPU.ActiveCfg = Debug|Any CPU
		{9FBB6220-5BF1-A45B-D33F-E63D9831B610}.Debug|Any CPU.Build.0 = Debug|Any CPU
		{9FBB6220-5BF1-A45B-D33F-E63D9831B610}.Release|Any CPU.ActiveCfg = Release|Any CPU
		{9FBB6220-5BF1-A45B-D33F-E63D9831B610}.Release|Any CPU.Build.0 = Release|Any CPU
		{47633F2E-ACD3-E19B-66B5-D82A63F100EF}.Debug|Any CPU.ActiveCfg = Debug|Any CPU
		{47633F2E-ACD3-E19B-66B5-D82A63F100EF}.Debug|Any CPU.Build.0 = Debug|Any CPU
		{47633F2E-ACD3-E19B-66B5-D82A63F100EF}.Release|Any CPU.ActiveCfg = Release|Any CPU
		{47633F2E-ACD3-E19B-66B5-D82A63F100EF}.Release|Any CPU.Build.0 = Release|Any CPU
		{60541C8A-3E2C-908E-EB4C-11D9D54B770D}.Debug|Any CPU.ActiveCfg = Debug|Any CPU
		{60541C8A-3E2C-908E-EB4C-11D9D54B770D}.Debug|Any CPU.Build.0 = Debug|Any CPU
		{60541C8A-3E2C-908E-EB4C-11D9D54B770D}.Release|Any CPU.ActiveCfg = Release|Any CPU
		{60541C8A-3E2C-908E-EB4C-11D9D54B770D}.Release|Any CPU.Build.0 = Release|Any CPU
		{7E7BB42A-4F78-25C6-4936-03ACFE704CF5}.Debug|Any CPU.ActiveCfg = Debug|Any CPU
		{7E7BB42A-4F78-25C6-4936-03ACFE704CF5}.Debug|Any CPU.Build.0 = Debug|Any CPU
		{7E7BB42A-4F78-25C6-4936-03ACFE704CF5}.Release|Any CPU.ActiveCfg = Release|Any CPU
		{7E7BB42A-4F78-25C6-4936-03ACFE704CF5}.Release|Any CPU.Build.0 = Release|Any CPU
		{578E8CBD-5294-7EA6-E017-E066102E58B9}.Debug|Any CPU.ActiveCfg = Debug|Any CPU
		{578E8CBD-5294-7EA6-E017-E066102E58B9}.Debug|Any CPU.Build.0 = Debug|Any CPU
		{578E8CBD-5294-7EA6-E017-E066102E58B9}.Release|Any CPU.ActiveCfg = Release|Any CPU
		{578E8CBD-5294-7EA6-E017-E066102E58B9}.Release|Any CPU.Build.0 = Release|Any CPU
		{2C0F3B8E-EBA0-BD7C-1AF7-01958C8EF3A4}.Debug|Any CPU.ActiveCfg = Debug|Any CPU
		{2C0F3B8E-EBA0-BD7C-1AF7-01958C8EF3A4}.Debug|Any CPU.Build.0 = Debug|Any CPU
		{2C0F3B8E-EBA0-BD7C-1AF7-01958C8EF3A4}.Release|Any CPU.ActiveCfg = Release|Any CPU
		{2C0F3B8E-EBA0-BD7C-1AF7-01958C8EF3A4}.Release|Any CPU.Build.0 = Release|Any CPU
	EndGlobalSection
	GlobalSection(SolutionProperties) = preSolution
		HideSolutionNode = FALSE
	EndGlobalSection
	GlobalSection(NestedProjects) = preSolution
		{9853268F-CEE2-2825-EEE1-D3173F233EBF} = {A288BEE0-695A-BEEA-455C-649571D89326}
		{F73517C1-D3B7-A2B4-230A-069A78838741} = {9853268F-CEE2-2825-EEE1-D3173F233EBF}
		{661AEB10-D546-BF9D-E32E-43C4BC39D040} = {F73517C1-D3B7-A2B4-230A-069A78838741}
		{D8F0509C-A43A-60CD-B2DE-476B73CF4F74} = {661AEB10-D546-BF9D-E32E-43C4BC39D040}
		{08F0B3DE-27F0-7BE1-DA62-34A233801A24} = {9853268F-CEE2-2825-EEE1-D3173F233EBF}
		{A15CE318-464C-5F75-7DCB-0A6CFC541987} = {08F0B3DE-27F0-7BE1-DA62-34A233801A24}
		{D46CB673-EEBA-D2ED-78EC-425076B5D260} = {A15CE318-464C-5F75-7DCB-0A6CFC541987}
		{9327BA58-DA99-7226-4158-4B2B16C0AD44} = {D46CB673-EEBA-D2ED-78EC-425076B5D260}
		{A21513FF-0F7B-E0C4-6679-C55D6BCA81D2} = {9853268F-CEE2-2825-EEE1-D3173F233EBF}
		{2F858CC1-6C90-AEBC-9F2B-13A938A3C9B4} = {A21513FF-0F7B-E0C4-6679-C55D6BCA81D2}
		{F040ED8A-23A9-E502-D0E4-2057E6E5B6A7} = {2F858CC1-6C90-AEBC-9F2B-13A938A3C9B4}
		{9FBB6220-5BF1-A45B-D33F-E63D9831B610} = {F040ED8A-23A9-E502-D0E4-2057E6E5B6A7}
		{407954C8-17C5-AF0B-4CE9-E0F3738003B2} = {9853268F-CEE2-2825-EEE1-D3173F233EBF}
		{86070A5C-C159-14DD-6496-85E9E828578A} = {407954C8-17C5-AF0B-4CE9-E0F3738003B2}
		{8C53DD60-93C0-0227-DEEF-873C6ACC61D4} = {86070A5C-C159-14DD-6496-85E9E828578A}
		{ADC28598-CF64-41B4-450F-66B0F848D3AE} = {8C53DD60-93C0-0227-DEEF-873C6ACC61D4}
		{47633F2E-ACD3-E19B-66B5-D82A63F100EF} = {ADC28598-CF64-41B4-450F-66B0F848D3AE}
		{84FB1236-9169-2049-BBD2-4485709A3C60} = {D46CB673-EEBA-D2ED-78EC-425076B5D260}
		{60541C8A-3E2C-908E-EB4C-11D9D54B770D} = {84FB1236-9169-2049-BBD2-4485709A3C60}
		{757883E9-F7E1-9B71-537B-18CE48E0AABC} = {9853268F-CEE2-2825-EEE1-D3173F233EBF}
		{8726E974-10CC-CEF7-F8DF-15581AF22EAA} = {757883E9-F7E1-9B71-537B-18CE48E0AABC}
		{BD59958C-A2AC-08D2-7304-EF2DDDA141DE} = {8726E974-10CC-CEF7-F8DF-15581AF22EAA}
		{555030DA-9E1F-C6CB-A540-D8E392EB7B91} = {BD59958C-A2AC-08D2-7304-EF2DDDA141DE}
		{7E7BB42A-4F78-25C6-4936-03ACFE704CF5} = {555030DA-9E1F-C6CB-A540-D8E392EB7B91}
		{8609AD09-6680-6B61-1845-68C2C50A51ED} = {757883E9-F7E1-9B71-537B-18CE48E0AABC}
		{FCF46DBE-640E-AC1C-C5F2-583DC7A63DA7} = {8609AD09-6680-6B61-1845-68C2C50A51ED}
		{AA5E999F-0A55-99A6-3806-A763327CE8FA} = {FCF46DBE-640E-AC1C-C5F2-583DC7A63DA7}
		{9101C487-95B8-5DFE-FC02-487EDA9AC7C8} = {AA5E999F-0A55-99A6-3806-A763327CE8FA}
		{E85FA158-356A-05A8-6353-4ABC3913CECC} = {9101C487-95B8-5DFE-FC02-487EDA9AC7C8}
		{578E8CBD-5294-7EA6-E017-E066102E58B9} = {E85FA158-356A-05A8-6353-4ABC3913CECC}
		{22D618D5-454F-3AB5-37B5-318087057E93} = {8609AD09-6680-6B61-1845-68C2C50A51ED}
		{E7E92B05-0018-F041-4DB9-B525CDE48F36} = {22D618D5-454F-3AB5-37B5-318087057E93}
		{9EEF024E-64EC-FAFF-C13C-ABC9903A34B8} = {E7E92B05-0018-F041-4DB9-B525CDE48F36}
		{1272213B-4788-313D-55FF-7C0009501EED} = {9EEF024E-64EC-FAFF-C13C-ABC9903A34B8}
		{2C0F3B8E-EBA0-BD7C-1AF7-01958C8EF3A4} = {1272213B-4788-313D-55FF-7C0009501EED}
	EndGlobalSection
	GlobalSection(ExtensibilityGlobals) = postSolution
		SolutionGuid = {F36CA04A-CEBB-4D42-A51B-2043E09AC091}
	EndGlobalSection
EndGlobal
